// !$*UTF8*$!
{
	archiveVersion = 1;
	classes = {
	};
	objectVersion = 46;
	objects = {

/* Begin PBXBuildFile section */
		80A175891A106B7A00323E27 /* tree.cpp in Sources */ = {isa = PBXBuildFile; fileRef = 80A175881A106B7A00323E27 /* tree.cpp */; };
/* End PBXBuildFile section */

/* Begin PBXCopyFilesBuildPhase section */
		80A175831A106B7A00323E27 /* CopyFiles */ = {
			isa = PBXCopyFilesBuildPhase;
			buildActionMask = 2147483647;
			dstPath = /usr/share/man/man1/;
			dstSubfolderSpec = 0;
			files = (
			);
			runOnlyForDeploymentPostprocessing = 1;
		};
/* End PBXCopyFilesBuildPhase section */

/* Begin PBXFileReference section */
		80A175851A106B7A00323E27 /* CS32_Homework3_Problem4 */ = {isa = PBXFileReference; explicitFileType = "compiled.mach-o.executable"; includeInIndex = 0; path = CS32_Homework3_Problem4; sourceTree = BUILT_PRODUCTS_DIR; };
		80A175881A106B7A00323E27 /* tree.cpp */ = {isa = PBXFileReference; lastKnownFileType = sourcecode.cpp.cpp; path = tree.cpp; sourceTree = "<group>"; };
/* End PBXFileReference section */

/* Begin PBXFrameworksBuildPhase section */
		80A175821A106B7A00323E27 /* Frameworks */ = {
			isa = PBXFrameworksBuildPhase;
			buildActionMask = 2147483647;
			files = (
			);
			runOnlyForDeploymentPostprocessing = 0;
		};
/* End PBXFrameworksBuildPhase section */

/* Begin PBXGroup section */
		80A1757C1A106B7A00323E27 = {
			isa = PBXGroup;
			children = (
				80A175871A106B7A00323E27 /* CS32_Homework3_Problem4 */,
				80A175861A106B7A00323E27 /* Products */,
			);
			sourceTree = "<group>";
		};
		80A175861A106B7A00323E27 /* Products */ = {
			isa = PBXGroup;
			children = (
				80A175851A106B7A00323E27 /* CS32_Homework3_Problem4 */,
			);
			name = Products;
			sourceTree = "<group>";
		};
		80A175871A106B7A00323E27 /* CS32_Homework3_Problem4 */ = {
			isa = PBXGroup;
			children = (
				80A175881A106B7A00323E27 /* tree.cpp */,
			);
			path = CS32_Homework3_Problem4;
			sourceTree = "<group>";
		};
/* End PBXGroup section */

/* Begin PBXNativeTarget section */
		80A175841A106B7A00323E27 /* CS32_Homework3_Problem4 */ = {
			isa = PBXNativeTarget;
			buildConfigurationList = 80A1758C1A106B7A00323E27 /* Build configuration list for PBXNativeTarget "CS32_Homework3_Problem4" */;
			buildPhases = (
				80A175811A106B7A00323E27 /* Sources */,
				80A175821A106B7A00323E27 /* Frameworks */,
				80A175831A106B7A00323E27 /* CopyFiles */,
			);
			buildRules = (
			);
			dependencies = (
			);
			name = CS32_Homework3_Problem4;
			productName = CS32_Homework3_Problem4;
			productReference = 80A175851A106B7A00323E27 /* CS32_Homework3_Problem4 */;
			productType = "com.apple.product-type.tool";
		};
/* End PBXNativeTarget section */

/* Begin PBXProject section */
		80A1757D1A106B7A00323E27 /* Project object */ = {
			isa = PBXProject;
			attributes = {
				LastUpgradeCheck = 0610;
				ORGANIZATIONNAME = "Ju Hyeon Park";
				TargetAttributes = {
					80A175841A106B7A00323E27 = {
						CreatedOnToolsVersion = 6.1;
					};
				};
			};
			buildConfigurationList = 80A175801A106B7A00323E27 /* Build configuration list for PBXProject "CS32_Homework3_Problem4" */;
			compatibilityVersion = "Xcode 3.2";
			developmentRegion = English;
			hasScannedForEncodings = 0;
			knownRegions = (
				en,
			);
			mainGroup = 80A1757C1A106B7A00323E27;
			productRefGroup = 80A175861A106B7A00323E27 /* Products */;
			projectDirPath = "";
			projectRoot = "";
			targets = (
				80A175841A106B7A00323E27 /* CS32_Homework3_Problem4 */,
			);
		};
/* End PBXProject section */

/* Begin PBXSourcesBuildPhase section */
		80A175811A106B7A00323E27 /* Sources */ = {
			isa = PBXSourcesBuildPhase;
			buildActionMask = 2147483647;
			files = (
				80A175891A106B7A00323E27 /* tree.cpp in Sources */,
			);
			runOnlyForDeploymentPostprocessing = 0;
		};
/* End PBXSourcesBuildPhase section */

/* Begin XCBuildConfiguration section */
		80A1758A1A106B7A00323E27 /* Debug */ = {
			isa = XCBuildConfiguration;
			buildSettings = {
				ALWAYS_SEARCH_USER_PATHS = NO;
				CLANG_CXX_LANGUAGE_STANDARD = "gnu++0x";
				CLANG_CXX_LIBRARY = "libc++";
				CLANG_ENABLE_MODULES = YES;
				CLANG_ENABLE_OBJC_ARC = YES;
				CLANG_WARN_BOOL_CONVERSION = YES;
				CLANG_WARN_CONSTANT_CONVERSION = YES;
				CLANG_WARN_DIRECT_OBJC_ISA_USAGE = YES_ERROR;
				CLANG_WARN_EMPTY_BODY = YES;
				CLANG_WARN_ENUM_CONVERSION = YES;
				CLANG_WARN_INT_CONVERSION = YES;
				CLANG_WARN_OBJC_ROOT_CLASS = YES_ERROR;
				CLANG_WARN_UNREACHABLE_CODE = YES;
				CLANG_WARN__DUPLICATE_METHOD_MATCH = YES;
				COPY_PHASE_STRIP = NO;
				ENABLE_STRICT_OBJC_MSGSEND = YES;
				GCC_C_LANGUAGE_STANDARD = gnu99;
				GCC_DYNAMIC_NO_PIC = NO;
				GCC_OPTIMIZATION_LEVEL = 0;
				GCC_PREPROCESSOR_DEFINITIONS = (
					"DEBUG=1",
					"$(inherited)",
				);
				GCC_SYMBOLS_PRIVATE_EXTERN = NO;
				GCC_WARN_64_TO_32_BIT_CONVERSION = YES;
				GCC_WARN_ABOUT_RETURN_TYPE = YES_ERROR;
				GCC_WARN_UNDECLARED_SELECTOR = YES;
				GCC_WARN_UNINITIALIZED_AUTOS = YES_AGGRESSIVE;
				GCC_WARN_UNUSED_FUNCTION = YES;
				GCC_WARN_UNUSED_VARIABLE = YES;
				MACOSX_DEPLOYMENT_TARGET = 10.10;
				MTL_ENABLE_DEBUG_INFO = YES;
				ONLY_ACTIVE_ARCH = YES;
				SDKROOT = macosx;
			};
			name = Debug;
		};
		80A1758B1A106B7A00323E27 /* Release */ = {
			isa = XCBuildConfiguration;
			buildSettings = {
				ALWAYS_SEARCH_USER_PATHS = NO;
				CLANG_CXX_LANGUAGE_STANDARD = "gnu++0x";
				CLANG_CXX_LIBRARY = "libc++";
				CLANG_ENABLE_MODULES = YES;
				CLANG_ENABLE_OBJC_ARC = YES;
				CLANG_WARN_BOOL_CONVERSION = YES;
				CLANG_WARN_CONSTANT_CONVERSION = YES;
				CLANG_WARN_DIRECT_OBJC_ISA_USAGE = YES_ERROR;
				CLANG_WARN_EMPTY_BODY = YES;
				CLANG_WARN_ENUM_CONVERSION = YES;
				CLANG_WARN_INT_CONVERSION = YES;
				CLANG_WARN_OBJC_ROOT_CLASS = YES_ERROR;
				CLANG_WARN_UNREACHABLE_CODE = YES;
				CLANG_WARN__DUPLICATE_METHOD_MATCH = YES;
				COPY_PHASE_STRIP = YES;
				DEBUG_INFORMATION_FORMAT = "dwarf-with-dsym";
				ENABLE_NS_ASSERTIONS = NO;
				ENABLE_STRICT_OBJC_MSGSEND = YES;
				GCC_C_LANGUAGE_STANDARD = gnu99;
				GCC_WARN_64_TO_32_BIT_CONVERSION = YES;
				GCC_WARN_ABOUT_RETURN_TYPE = YES_ERROR;
				GCC_WARN_UNDECLARED_SELECTOR = YES;
				GCC_WARN_UNINITIALIZED_AUTOS = YES_AGGRESSIVE;
				GCC_WARN_UNUSED_FUNCTION = YES;
				GCC_WARN_UNUSED_VARIABLE = YES;
				MACOSX_DEPLOYMENT_TARGET = 10.10;
				MTL_ENABLE_DEBUG_INFO = NO;
				SDKROOT = macosx;
			};
			name = Release;
		};
		80A1758D1A106B7A00323E27 /* Debug */ = {
			isa = XCBuildConfiguration;
			buildSettings = {
				PRODUCT_NAME = "$(TARGET_NAME)";
			};
			name = Debug;
		};
		80A1758E1A106B7A00323E27 /* Release */ = {
			isa = XCBuildConfiguration;
			buildSettings = {
				PRODUCT_NAME = "$(TARGET_NAME)";
			};
			name = Release;
		};
/* End XCBuildConfiguration section */

/* Begin XCConfigurationList section */
		80A175801A106B7A00323E27 /* Build configuration list for PBXProject "CS32_Homework3_Problem4" */ = {
			isa = XCConfigurationList;
			buildConfigurations = (
				80A1758A1A106B7A00323E27 /* Debug */,
				80A1758B1A106B7A00323E27 /* Release */,
			);
			defaultConfigurationIsVisible = 0;
			defaultConfigurationName = Release;
		};
		80A1758C1A106B7A00323E27 /* Build configuration list for PBXNativeTarget "CS32_Homework3_Problem4" */ = {
			isa = XCConfigurationList;
			buildConfigurations = (
				80A1758D1A106B7A00323E27 /* Debug */,
				80A1758E1A106B7A00323E27 /* Release */,
			);
			defaultConfigurationIsVisible = 0;
		};
/* End XCConfigurationList section */
	};
	rootObject = 80A1757D1A106B7A00323E27 /* Project object */;
}
